// !$*UTF8*$!
{
	archiveVersion = 1;
	classes = {
	};
	objectVersion = 55;
	objects = {

/* Begin PBXBuildFile section */
		BE1E534F2878372400EC9BFA /* PostVC.swift in Sources */ = {isa = PBXBuildFile; fileRef = BE1E534E2878372400EC9BFA /* PostVC.swift */; };
		BE1E5351287859FA00EC9BFA /* Extension.swift in Sources */ = {isa = PBXBuildFile; fileRef = BE1E5350287859FA00EC9BFA /* Extension.swift */; };
		BE5C0B9C287738E60043D0E4 /* AppDelegate.swift in Sources */ = {isa = PBXBuildFile; fileRef = BE5C0B9B287738E60043D0E4 /* AppDelegate.swift */; };
		BE5C0B9E287738E60043D0E4 /* SceneDelegate.swift in Sources */ = {isa = PBXBuildFile; fileRef = BE5C0B9D287738E60043D0E4 /* SceneDelegate.swift */; };
		BE5C0BA0287738E60043D0E4 /* PostsVC.swift in Sources */ = {isa = PBXBuildFile; fileRef = BE5C0B9F287738E60043D0E4 /* PostsVC.swift */; };
		BE5C0BA3287738E60043D0E4 /* Main.storyboard in Resources */ = {isa = PBXBuildFile; fileRef = BE5C0BA1287738E60043D0E4 /* Main.storyboard */; };
		BE5C0BA5287738E70043D0E4 /* Assets.xcassets in Resources */ = {isa = PBXBuildFile; fileRef = BE5C0BA4287738E70043D0E4 /* Assets.xcassets */; };
		BE5C0BA8287738E70043D0E4 /* LaunchScreen.storyboard in Resources */ = {isa = PBXBuildFile; fileRef = BE5C0BA6287738E70043D0E4 /* LaunchScreen.storyboard */; };
		BE5C0BB3287739620043D0E4 /* PostsManager.swift in Sources */ = {isa = PBXBuildFile; fileRef = BE5C0BB2287739620043D0E4 /* PostsManager.swift */; };
		BE5C0BBA287739EC0043D0E4 /* PostsCell.swift in Sources */ = {isa = PBXBuildFile; fileRef = BE5C0BB8287739EC0043D0E4 /* PostsCell.swift */; };
		BE5C0BBB287739EC0043D0E4 /* PostsCell.xib in Resources */ = {isa = PBXBuildFile; fileRef = BE5C0BB9287739EC0043D0E4 /* PostsCell.xib */; };
		BEA7B32E28773DD1008A820E /* Consts.swift in Sources */ = {isa = PBXBuildFile; fileRef = BEA7B32D28773DD1008A820E /* Consts.swift */; };
		BEA7B33328774953008A820E /* PostManager.swift in Sources */ = {isa = PBXBuildFile; fileRef = BEA7B33228774953008A820E /* PostManager.swift */; };
/* End PBXBuildFile section */

/* Begin PBXFileReference section */
		BE1E534E2878372400EC9BFA /* PostVC.swift */ = {isa = PBXFileReference; lastKnownFileType = sourcecode.swift; path = PostVC.swift; sourceTree = "<group>"; };
		BE1E5350287859FA00EC9BFA /* Extension.swift */ = {isa = PBXFileReference; lastKnownFileType = sourcecode.swift; path = Extension.swift; sourceTree = "<group>"; };
		BE5C0B98287738E60043D0E4 /* trainee-task.app */ = {isa = PBXFileReference; explicitFileType = wrapper.application; includeInIndex = 0; path = "trainee-task.app"; sourceTree = BUILT_PRODUCTS_DIR; };
		BE5C0B9B287738E60043D0E4 /* AppDelegate.swift */ = {isa = PBXFileReference; lastKnownFileType = sourcecode.swift; path = AppDelegate.swift; sourceTree = "<group>"; };
		BE5C0B9D287738E60043D0E4 /* SceneDelegate.swift */ = {isa = PBXFileReference; lastKnownFileType = sourcecode.swift; path = SceneDelegate.swift; sourceTree = "<group>"; };
		BE5C0B9F287738E60043D0E4 /* PostsVC.swift */ = {isa = PBXFileReference; lastKnownFileType = sourcecode.swift; path = PostsVC.swift; sourceTree = "<group>"; };
		BE5C0BA2287738E60043D0E4 /* Base */ = {isa = PBXFileReference; lastKnownFileType = file.storyboard; name = Base; path = Base.lproj/Main.storyboard; sourceTree = "<group>"; };
		BE5C0BA4287738E70043D0E4 /* Assets.xcassets */ = {isa = PBXFileReference; lastKnownFileType = folder.assetcatalog; path = Assets.xcassets; sourceTree = "<group>"; };
		BE5C0BA7287738E70043D0E4 /* Base */ = {isa = PBXFileReference; lastKnownFileType = file.storyboard; name = Base; path = Base.lproj/LaunchScreen.storyboard; sourceTree = "<group>"; };
		BE5C0BA9287738E70043D0E4 /* Info.plist */ = {isa = PBXFileReference; lastKnownFileType = text.plist.xml; path = Info.plist; sourceTree = "<group>"; };
		BE5C0BB2287739620043D0E4 /* PostsManager.swift */ = {isa = PBXFileReference; lastKnownFileType = sourcecode.swift; path = PostsManager.swift; sourceTree = "<group>"; };
		BE5C0BB8287739EC0043D0E4 /* PostsCell.swift */ = {isa = PBXFileReference; lastKnownFileType = sourcecode.swift; path = PostsCell.swift; sourceTree = "<group>"; };
		BE5C0BB9287739EC0043D0E4 /* PostsCell.xib */ = {isa = PBXFileReference; lastKnownFileType = file.xib; path = PostsCell.xib; sourceTree = "<group>"; };
		BEA7B32D28773DD1008A820E /* Consts.swift */ = {isa = PBXFileReference; lastKnownFileType = sourcecode.swift; path = Consts.swift; sourceTree = "<group>"; };
		BEA7B33228774953008A820E /* PostManager.swift */ = {isa = PBXFileReference; lastKnownFileType = sourcecode.swift; path = PostManager.swift; sourceTree = "<group>"; };
/* End PBXFileReference section */

/* Begin PBXFrameworksBuildPhase section */
		BE5C0B95287738E60043D0E4 /* Frameworks */ = {
			isa = PBXFrameworksBuildPhase;
			buildActionMask = 2147483647;
			files = (
			);
			runOnlyForDeploymentPostprocessing = 0;
		};
/* End PBXFrameworksBuildPhase section */

/* Begin PBXGroup section */
		BE5C0B8F287738E60043D0E4 = {
			isa = PBXGroup;
			children = (
				BE5C0B9A287738E60043D0E4 /* trainee-task */,
				BE5C0B99287738E60043D0E4 /* Products */,
			);
			sourceTree = "<group>";
		};
		BE5C0B99287738E60043D0E4 /* Products */ = {
			isa = PBXGroup;
			children = (
				BE5C0B98287738E60043D0E4 /* trainee-task.app */,
			);
			name = Products;
			sourceTree = "<group>";
		};
		BE5C0B9A287738E60043D0E4 /* trainee-task */ = {
			isa = PBXGroup;
			children = (
				BE5C0B9B287738E60043D0E4 /* AppDelegate.swift */,
				BE5C0B9D287738E60043D0E4 /* SceneDelegate.swift */,
				BEA7B32D28773DD1008A820E /* Consts.swift */,
				BEA7B32F2877492A008A820E /* PostModel */,
				BE5C0BB1287739250043D0E4 /* PostsModel */,
				BE5C0BAF2877390B0043D0E4 /* Controllers */,
				BE5C0BB0287739150043D0E4 /* View */,
				BE5C0BA4287738E70043D0E4 /* Assets.xcassets */,
				BE5C0BA6287738E70043D0E4 /* LaunchScreen.storyboard */,
				BE5C0BA9287738E70043D0E4 /* Info.plist */,
				BE1E5350287859FA00EC9BFA /* Extension.swift */,
			);
			path = "trainee-task";
			sourceTree = "<group>";
		};
		BE5C0BAF2877390B0043D0E4 /* Controllers */ = {
			isa = PBXGroup;
			children = (
				BE5C0B9F287738E60043D0E4 /* PostsVC.swift */,
				BE1E534E2878372400EC9BFA /* PostVC.swift */,
			);
			path = Controllers;
			sourceTree = "<group>";
		};
		BE5C0BB0287739150043D0E4 /* View */ = {
			isa = PBXGroup;
			children = (
				BE5C0BA1287738E60043D0E4 /* Main.storyboard */,
				BE5C0BB8287739EC0043D0E4 /* PostsCell.swift */,
				BE5C0BB9287739EC0043D0E4 /* PostsCell.xib */,
			);
			path = View;
			sourceTree = "<group>";
		};
		BE5C0BB1287739250043D0E4 /* PostsModel */ = {
			isa = PBXGroup;
			children = (
				BE5C0BB2287739620043D0E4 /* PostsManager.swift */,
			);
			path = PostsModel;
			sourceTree = "<group>";
		};
		BEA7B32F2877492A008A820E /* PostModel */ = {
			isa = PBXGroup;
			children = (
				BEA7B33228774953008A820E /* PostManager.swift */,
			);
			path = PostModel;
			sourceTree = "<group>";
		};
/* End PBXGroup section */

/* Begin PBXNativeTarget section */
		BE5C0B97287738E60043D0E4 /* trainee-task */ = {
			isa = PBXNativeTarget;
			buildConfigurationList = BE5C0BAC287738E70043D0E4 /* Build configuration list for PBXNativeTarget "trainee-task" */;
			buildPhases = (
				BE5C0B94287738E60043D0E4 /* Sources */,
				BE5C0B95287738E60043D0E4 /* Frameworks */,
				BE5C0B96287738E60043D0E4 /* Resources */,
			);
			buildRules = (
			);
			dependencies = (
			);
			name = "trainee-task";
			productName = "trainee-task";
			productReference = BE5C0B98287738E60043D0E4 /* trainee-task.app */;
			productType = "com.apple.product-type.application";
		};
/* End PBXNativeTarget section */

/* Begin PBXProject section */
		BE5C0B90287738E60043D0E4 /* Project object */ = {
			isa = PBXProject;
			attributes = {
				BuildIndependentTargetsInParallel = 1;
				LastSwiftUpdateCheck = 1340;
				LastUpgradeCheck = 1340;
				TargetAttributes = {
					BE5C0B97287738E60043D0E4 = {
						CreatedOnToolsVersion = 13.4.1;
					};
				};
			};
			buildConfigurationList = BE5C0B93287738E60043D0E4 /* Build configuration list for PBXProject "trainee-task" */;
			compatibilityVersion = "Xcode 13.0";
			developmentRegion = en;
			hasScannedForEncodings = 0;
			knownRegions = (
				en,
				Base,
			);
			mainGroup = BE5C0B8F287738E60043D0E4;
			productRefGroup = BE5C0B99287738E60043D0E4 /* Products */;
			projectDirPath = "";
			projectRoot = "";
			targets = (
				BE5C0B97287738E60043D0E4 /* trainee-task */,
			);
		};
/* End PBXProject section */

/* Begin PBXResourcesBuildPhase section */
		BE5C0B96287738E60043D0E4 /* Resources */ = {
			isa = PBXResourcesBuildPhase;
			buildActionMask = 2147483647;
			files = (
				BE5C0BA8287738E70043D0E4 /* LaunchScreen.storyboard in Resources */,
				BE5C0BA5287738E70043D0E4 /* Assets.xcassets in Resources */,
				BE5C0BA3287738E60043D0E4 /* Main.storyboard in Resources */,
				BE5C0BBB287739EC0043D0E4 /* PostsCell.xib in Resources */,
			);
			runOnlyForDeploymentPostprocessing = 0;
		};
/* End PBXResourcesBuildPhase section */

/* Begin PBXSourcesBuildPhase section */
		BE5C0B94287738E60043D0E4 /* Sources */ = {
			isa = PBXSourcesBuildPhase;
			buildActionMask = 2147483647;
			files = (
				BE1E5351287859FA00EC9BFA /* Extension.swift in Sources */,
				BEA7B32E28773DD1008A820E /* Consts.swift in Sources */,
				BE5C0BA0287738E60043D0E4 /* PostsVC.swift in Sources */,
				BE5C0BB3287739620043D0E4 /* PostsManager.swift in Sources */,
				BE5C0B9C287738E60043D0E4 /* AppDelegate.swift in Sources */,
				BE5C0B9E287738E60043D0E4 /* SceneDelegate.swift in Sources */,
				BEA7B33328774953008A820E /* PostManager.swift in Sources */,
				BE1E534F2878372400EC9BFA /* PostVC.swift in Sources */,
				BE5C0BBA287739EC0043D0E4 /* PostsCell.swift in Sources */,
			);
			runOnlyForDeploymentPostprocessing = 0;
		};
/* End PBXSourcesBuildPhase section */

/* Begin PBXVariantGroup section */
		BE5C0BA1287738E60043D0E4 /* Main.storyboard */ = {
			isa = PBXVariantGroup;
			children = (
				BE5C0BA2287738E60043D0E4 /* Base */,
			);
			name = Main.storyboard;
			sourceTree = "<group>";
		};
		BE5C0BA6287738E70043D0E4 /* LaunchScreen.storyboard */ = {
			isa = PBXVariantGroup;
			children = (
				BE5C0BA7287738E70043D0E4 /* Base */,
			);
			name = LaunchScreen.storyboard;
			sourceTree = "<group>";
		};
/* End PBXVariantGroup section */

/* Begin XCBuildConfiguration section */
		BE5C0BAA287738E70043D0E4 /* Debug */ = {
			isa = XCBuildConfiguration;
			buildSettings = {
				ALWAYS_SEARCH_USER_PATHS = NO;
				CLANG_ANALYZER_NONNULL = YES;
				CLANG_ANALYZER_NUMBER_OBJECT_CONVERSION = YES_AGGRESSIVE;
				CLANG_CXX_LANGUAGE_STANDARD = "gnu++17";
				CLANG_ENABLE_MODULES = YES;
				CLANG_ENABLE_OBJC_ARC = YES;
				CLANG_ENABLE_OBJC_WEAK = YES;
				CLANG_WARN_BLOCK_CAPTURE_AUTORELEASING = YES;
				CLANG_WARN_BOOL_CONVERSION = YES;
				CLANG_WARN_COMMA = YES;
				CLANG_WARN_CONSTANT_CONVERSION = YES;
				CLANG_WARN_DEPRECATED_OBJC_IMPLEMENTATIONS = YES;
				CLANG_WARN_DIRECT_OBJC_ISA_USAGE = YES_ERROR;
				CLANG_WARN_DOCUMENTATION_COMMENTS = YES;
				CLANG_WARN_EMPTY_BODY = YES;
				CLANG_WARN_ENUM_CONVERSION = YES;
				CLANG_WARN_INFINITE_RECURSION = YES;
				CLANG_WARN_INT_CONVERSION = YES;
				CLANG_WARN_NON_LITERAL_NULL_CONVERSION = YES;
				CLANG_WARN_OBJC_IMPLICIT_RETAIN_SELF = YES;
				CLANG_WARN_OBJC_LITERAL_CONVERSION = YES;
				CLANG_WARN_OBJC_ROOT_CLASS = YES_ERROR;
				CLANG_WARN_QUOTED_INCLUDE_IN_FRAMEWORK_HEADER = YES;
				CLANG_WARN_RANGE_LOOP_ANALYSIS = YES;
				CLANG_WARN_STRICT_PROTOTYPES = YES;
				CLANG_WARN_SUSPICIOUS_MOVE = YES;
				CLANG_WARN_UNGUARDED_AVAILABILITY = YES_AGGRESSIVE;
				CLANG_WARN_UNREACHABLE_CODE = YES;
				CLANG_WARN__DUPLICATE_METHOD_MATCH = YES;
				COPY_PHASE_STRIP = NO;
				DEBUG_INFORMATION_FORMAT = dwarf;
				ENABLE_STRICT_OBJC_MSGSEND = YES;
				ENABLE_TESTABILITY = YES;
				GCC_C_LANGUAGE_STANDARD = gnu11;
				GCC_DYNAMIC_NO_PIC = NO;
				GCC_NO_COMMON_BLOCKS = YES;
				GCC_OPTIMIZATION_LEVEL = 0;
				GCC_PREPROCESSOR_DEFINITIONS = (
					"DEBUG=1",
					"$(inherited)",
				);
				GCC_WARN_64_TO_32_BIT_CONVERSION = YES;
				GCC_WARN_ABOUT_RETURN_TYPE = YES_ERROR;
				GCC_WARN_UNDECLARED_SELECTOR = YES;
				GCC_WARN_UNINITIALIZED_AUTOS = YES_AGGRESSIVE;
				GCC_WARN_UNUSED_FUNCTION = YES;
				GCC_WARN_UNUSED_VARIABLE = YES;
				IPHONEOS_DEPLOYMENT_TARGET = 15.5;
				MTL_ENABLE_DEBUG_INFO = INCLUDE_SOURCE;
				MTL_FAST_MATH = YES;
				ONLY_ACTIVE_ARCH = YES;
				SDKROOT = iphoneos;
				SWIFT_ACTIVE_COMPILATION_CONDITIONS = DEBUG;
				SWIFT_OPTIMIZATION_LEVEL = "-Onone";
			};
			name = Debug;
		};
		BE5C0BAB287738E70043D0E4 /* Release */ = {
			isa = XCBuildConfiguration;
			buildSettings = {
				ALWAYS_SEARCH_USER_PATHS = NO;
				CLANG_ANALYZER_NONNULL = YES;
				CLANG_ANALYZER_NUMBER_OBJECT_CONVERSION = YES_AGGRESSIVE;
				CLANG_CXX_LANGUAGE_STANDARD = "gnu++17";
				CLANG_ENABLE_MODULES = YES;
				CLANG_ENABLE_OBJC_ARC = YES;
				CLANG_ENABLE_OBJC_WEAK = YES;
				CLANG_WARN_BLOCK_CAPTURE_AUTORELEASING = YES;
				CLANG_WARN_BOOL_CONVERSION = YES;
				CLANG_WARN_COMMA = YES;
				CLANG_WARN_CONSTANT_CONVERSION = YES;
				CLANG_WARN_DEPRECATED_OBJC_IMPLEMENTATIONS = YES;
				CLANG_WARN_DIRECT_OBJC_ISA_USAGE = YES_ERROR;
				CLANG_WARN_DOCUMENTATION_COMMENTS = YES;
				CLANG_WARN_EMPTY_BODY = YES;
				CLANG_WARN_ENUM_CONVERSION = YES;
				CLANG_WARN_INFINITE_RECURSION = YES;
				CLANG_WARN_INT_CONVERSION = YES;
				CLANG_WARN_NON_LITERAL_NULL_CONVERSION = YES;
				CLANG_WARN_OBJC_IMPLICIT_RETAIN_SELF = YES;
				CLANG_WARN_OBJC_LITERAL_CONVERSION = YES;
				CLANG_WARN_OBJC_ROOT_CLASS = YES_ERROR;
				CLANG_WARN_QUOTED_INCLUDE_IN_FRAMEWORK_HEADER = YES;
				CLANG_WARN_RANGE_LOOP_ANALYSIS = YES;
				CLANG_WARN_STRICT_PROTOTYPES = YES;
				CLANG_WARN_SUSPICIOUS_MOVE = YES;
				CLANG_WARN_UNGUARDED_AVAILABILITY = YES_AGGRESSIVE;
				CLANG_WARN_UNREACHABLE_CODE = YES;
				CLANG_WARN__DUPLICATE_METHOD_MATCH = YES;
				COPY_PHASE_STRIP = NO;
				DEBUG_INFORMATION_FORMAT = "dwarf-with-dsym";
				ENABLE_NS_ASSERTIONS = NO;
				ENABLE_STRICT_OBJC_MSGSEND = YES;
				GCC_C_LANGUAGE_STANDARD = gnu11;
				GCC_NO_COMMON_BLOCKS = YES;
				GCC_WARN_64_TO_32_BIT_CONVERSION = YES;
				GCC_WARN_ABOUT_RETURN_TYPE = YES_ERROR;
				GCC_WARN_UNDECLARED_SELECTOR = YES;
				GCC_WARN_UNINITIALIZED_AUTOS = YES_AGGRESSIVE;
				GCC_WARN_UNUSED_FUNCTION = YES;
				GCC_WARN_UNUSED_VARIABLE = YES;
				IPHONEOS_DEPLOYMENT_TARGET = 15.5;
				MTL_ENABLE_DEBUG_INFO = NO;
				MTL_FAST_MATH = YES;
				SDKROOT = iphoneos;
				SWIFT_COMPILATION_MODE = wholemodule;
				SWIFT_OPTIMIZATION_LEVEL = "-O";
				VALIDATE_PRODUCT = YES;
			};
			name = Release;
		};
		BE5C0BAD287738E70043D0E4 /* Debug */ = {
			isa = XCBuildConfiguration;
			buildSettings = {
				ASSETCATALOG_COMPILER_APPICON_NAME = AppIcon;
				ASSETCATALOG_COMPILER_GLOBAL_ACCENT_COLOR_NAME = AccentColor;
				CODE_SIGN_STYLE = Automatic;
				CURRENT_PROJECT_VERSION = 1;
				DEVELOPMENT_TEAM = 9FL5FRNFVL;
				GENERATE_INFOPLIST_FILE = YES;
				INFOPLIST_FILE = "trainee-task/Info.plist";
				INFOPLIST_KEY_UIApplicationSupportsIndirectInputEvents = YES;
				INFOPLIST_KEY_UILaunchStoryboardName = LaunchScreen;
				INFOPLIST_KEY_UIMainStoryboardFile = Main;
				INFOPLIST_KEY_UISupportedInterfaceOrientations = UIInterfaceOrientationPortrait;
				INFOPLIST_KEY_UISupportedInterfaceOrientations_iPad = "UIInterfaceOrientationPortrait UIInterfaceOrientationPortraitUpsideDown UIInterfaceOrientationLandscapeLeft UIInterfaceOrientationLandscapeRight";
				INFOPLIST_KEY_UISupportedInterfaceOrientations_iPhone = "UIInterfaceOrientationPortrait UIInterfaceOrientationLandscapeLeft UIInterfaceOrientationLandscapeRight";
				IPHONEOS_DEPLOYMENT_TARGET = 14.0;
				LD_RUNPATH_SEARCH_PATHS = (
					"$(inherited)",
					"@executable_path/Frameworks",
				);
				MARKETING_VERSION = 1.0;
				PRODUCT_BUNDLE_IDENTIFIER = "sdox.trainee-task";
				PRODUCT_NAME = "$(TARGET_NAME)";
				SWIFT_EMIT_LOC_STRINGS = YES;
				SWIFT_VERSION = 5.0;
				TARGETED_DEVICE_FAMILY = 1;
			};
			name = Debug;
		};
		BE5C0BAE287738E70043D0E4 /* Release */ = {
			isa = XCBuildConfiguration;
			buildSettings = {
				ASSETCATALOG_COMPILER_APPICON_NAME = AppIcon;
				ASSETCATALOG_COMPILER_GLOBAL_ACCENT_COLOR_NAME = AccentColor;
				CODE_SIGN_STYLE = Automatic;
				CURRENT_PROJECT_VERSION = 1;
				DEVELOPMENT_TEAM = 9FL5FRNFVL;
				GENERATE_INFOPLIST_FILE = YES;
				INFOPLIST_FILE = "trainee-task/Info.plist";
				INFOPLIST_KEY_UIApplicationSupportsIndirectInputEvents = YES;
				INFOPLIST_KEY_UILaunchStoryboardName = LaunchScreen;
				INFOPLIST_KEY_UIMainStoryboardFile = Main;
				INFOPLIST_KEY_UISupportedInterfaceOrientations = UIInterfaceOrientationPortrait;
				INFOPLIST_KEY_UISupportedInterfaceOrientations_iPad = "UIInterfaceOrientationPortrait UIInterfaceOrientationPortraitUpsideDown UIInterfaceOrientationLandscapeLeft UIInterfaceOrientationLandscapeRight";
				INFOPLIST_KEY_UISupportedInterfaceOrientations_iPhone = "UIInterfaceOrientationPortrait UIInterfaceOrientationLandscapeLeft UIInterfaceOrientationLandscapeRight";
				IPHONEOS_DEPLOYMENT_TARGET = 14.0;
				LD_RUNPATH_SEARCH_PATHS = (
					"$(inherited)",
					"@executable_path/Frameworks",
				);
				MARKETING_VERSION = 1.0;
				PRODUCT_BUNDLE_IDENTIFIER = "sdox.trainee-task";
				PRODUCT_NAME = "$(TARGET_NAME)";
				SWIFT_EMIT_LOC_STRINGS = YES;
				SWIFT_VERSION = 5.0;
				TARGETED_DEVICE_FAMILY = 1;
			};
			name = Release;
		};
/* End XCBuildConfiguration section */

/* Begin XCConfigurationList section */
		BE5C0B93287738E60043D0E4 /* Build configuration list for PBXProject "trainee-task" */ = {
			isa = XCConfigurationList;
			buildConfigurations = (
				BE5C0BAA287738E70043D0E4 /* Debug */,
				BE5C0BAB287738E70043D0E4 /* Release */,
			);
			defaultConfigurationIsVisible = 0;
			defaultConfigurationName = Release;
		};
		BE5C0BAC287738E70043D0E4 /* Build configuration list for PBXNativeTarget "trainee-task" */ = {
			isa = XCConfigurationList;
			buildConfigurations = (
				BE5C0BAD287738E70043D0E4 /* Debug */,
				BE5C0BAE287738E70043D0E4 /* Release */,
			);
			defaultConfigurationIsVisible = 0;
			defaultConfigurationName = Release;
		};
/* End XCConfigurationList section */
	};
	rootObject = BE5C0B90287738E60043D0E4 /* Project object */;
}
